
Microsoft Visual Studio Solution File, Format Version 11.00
# Visual Studio 2010
Project("{2150E333-8FDC-42A3-9474-1A3956D46DE8}") = "Bin", "Bin", "{ACBFC0F4-B018-4957-B200-79E8028FE7E3}"
	ProjectSection(SolutionItems) = preProject
		Bin\AutoMapper.dll = Bin\AutoMapper.dll
		Bin\Castle.Core.dll = Bin\Castle.Core.dll
		Bin\Castle.DynamicProxy2.dll = Bin\Castle.DynamicProxy2.dll
		Bin\Castle.MicroKernel.dll = Bin\Castle.MicroKernel.dll
		Bin\Castle.Windsor.dll = Bin\Castle.Windsor.dll
		Bin\Common.Logging.dll = Bin\Common.Logging.dll
		Bin\Elmah.dll = Bin\Elmah.dll
		Bin\FluentNHibernate.dll = Bin\FluentNHibernate.dll
		Bin\HibernatingRhinos.Profiler.Appender.dll = Bin\HibernatingRhinos.Profiler.Appender.dll
		Bin\Iesi.Collections.dll = Bin\Iesi.Collections.dll
		Bin\log4net.dll = Bin\log4net.dll
		Bin\Microsoft.Practices.ServiceLocation.dll = Bin\Microsoft.Practices.ServiceLocation.dll
		Bin\Microsoft.Web.Mvc.dll = Bin\Microsoft.Web.Mvc.dll
		Bin\MvcContrib.Castle.dll = Bin\MvcContrib.Castle.dll
		Bin\MvcContrib.dll = Bin\MvcContrib.dll
		Bin\MvcContrib.FluentHtml.dll = Bin\MvcContrib.FluentHtml.dll
		Bin\MvcContrib.TestHelper.dll = Bin\MvcContrib.TestHelper.dll
		Bin\Newtonsoft.Json.dll = Bin\Newtonsoft.Json.dll
		Bin\NHibernate.ByteCode.Spring.dll = Bin\NHibernate.ByteCode.Spring.dll
		Bin\NHibernate.dll = Bin\NHibernate.dll
		Bin\NHibernate.Linq.dll = Bin\NHibernate.Linq.dll
		Bin\NHibernate.Validator.dll = Bin\NHibernate.Validator.dll
		Bin\Recaptcha.dll = Bin\Recaptcha.dll
		Bin\Recaptcha.pdb = Bin\Recaptcha.pdb
		Bin\Rhino.Mocks.dll = Bin\Rhino.Mocks.dll
		Bin\Spring.Aop.dll = Bin\Spring.Aop.dll
		Bin\Spring.Core.dll = Bin\Spring.Core.dll
		Bin\System.Data.SQLite.DLL = Bin\System.Data.SQLite.DLL
		Bin\Telerik.Web.Mvc.dll = Bin\Telerik.Web.Mvc.dll
		Bin\UCDArch.Core.dll = Bin\UCDArch.Core.dll
		Bin\UCDArch.Core.NHibernateValidator.dll = Bin\UCDArch.Core.NHibernateValidator.dll
		Bin\UCDArch.Data.dll = Bin\UCDArch.Data.dll
		Bin\UCDArch.Testing.dll = Bin\UCDArch.Testing.dll
		Bin\UCDArch.Web.dll = Bin\UCDArch.Web.dll
		Bin\UCDArch.Web.Providers.dll = Bin\UCDArch.Web.Providers.dll
		Bin\xVal.dll = Bin\xVal.dll
	EndProjectSection
EndProject
Project("{FAE04EC0-301F-11D3-BF4B-00C04F79EFBC}") = "HelpRequest", "HelpRequest\HelpRequest.csproj", "{917E6AB4-3B1A-462C-87E3-7EB43914D6F7}"
EndProject
Project("{FAE04EC0-301F-11D3-BF4B-00C04F79EFBC}") = "HelpRequest.Tests", "HelpRequest.Tests\HelpRequest.Tests.csproj", "{D407ECE6-D3D5-48E1-A2F4-31CACB0C855D}"
EndProject
Project("{FAE04EC0-301F-11D3-BF4B-00C04F79EFBC}") = "HelpRequest.Core", "HelpRequest.Core\HelpRequest.Core.csproj", "{C45D6382-FA5F-46B9-8333-51AE9DBBB2D0}"
EndProject
Project("{C8D11400-126E-41CD-887F-60BD40844F9E}") = "HelpRequest.DB", "DB\HelpRequest.DB.dbproj", "{67CBC824-A49E-4E9B-A947-360F3DFE65C3}"
EndProject
Global
	GlobalSection(TeamFoundationVersionControl) = preSolution
		SccNumberOfProjects = 5
		SccEnterpriseProvider = {4CA58AB2-18FA-4F8D-95D4-32DDF27D184C}
		SccTeamFoundationServer = https://tfs.caes.ucdavis.edu:8088/tfs/defaultcollection
		SccLocalPath0 = .
		SccProjectUniqueName1 = HelpRequest.Core\\HelpRequest.Core.csproj
		SccProjectName1 = HelpRequest.Core
		SccLocalPath1 = HelpRequest.Core
		SccProjectUniqueName2 = HelpRequest.Tests\\HelpRequest.Tests.csproj
		SccProjectName2 = HelpRequest.Tests
		SccLocalPath2 = HelpRequest.Tests
		SccProjectUniqueName3 = HelpRequest\\HelpRequest.csproj
		SccProjectName3 = HelpRequest
		SccLocalPath3 = HelpRequest
		SccProjectUniqueName4 = DB\\HelpRequest.DB.dbproj
		SccProjectName4 = DB
		SccLocalPath4 = DB
	EndGlobalSection
	GlobalSection(SolutionConfigurationPlatforms) = preSolution
		Debug|Any CPU = Debug|Any CPU
		Release|Any CPU = Release|Any CPU
		Test|Any CPU = Test|Any CPU
	EndGlobalSection
	GlobalSection(ProjectConfigurationPlatforms) = postSolution
		{917E6AB4-3B1A-462C-87E3-7EB43914D6F7}.Debug|Any CPU.ActiveCfg = Debug|Any CPU
		{917E6AB4-3B1A-462C-87E3-7EB43914D6F7}.Debug|Any CPU.Build.0 = Debug|Any CPU
		{917E6AB4-3B1A-462C-87E3-7EB43914D6F7}.Release|Any CPU.ActiveCfg = Release|Any CPU
		{917E6AB4-3B1A-462C-87E3-7EB43914D6F7}.Release|Any CPU.Build.0 = Release|Any CPU
		{917E6AB4-3B1A-462C-87E3-7EB43914D6F7}.Test|Any CPU.ActiveCfg = Test|Any CPU
		{917E6AB4-3B1A-462C-87E3-7EB43914D6F7}.Test|Any CPU.Build.0 = Test|Any CPU
		{D407ECE6-D3D5-48E1-A2F4-31CACB0C855D}.Debug|Any CPU.ActiveCfg = Debug|Any CPU
		{D407ECE6-D3D5-48E1-A2F4-31CACB0C855D}.Debug|Any CPU.Build.0 = Debug|Any CPU
		{D407ECE6-D3D5-48E1-A2F4-31CACB0C855D}.Release|Any CPU.ActiveCfg = Release|Any CPU
		{D407ECE6-D3D5-48E1-A2F4-31CACB0C855D}.Test|Any CPU.ActiveCfg = Debug|Any CPU
		{C45D6382-FA5F-46B9-8333-51AE9DBBB2D0}.Debug|Any CPU.ActiveCfg = Debug|Any CPU
		{C45D6382-FA5F-46B9-8333-51AE9DBBB2D0}.Debug|Any CPU.Build.0 = Debug|Any CPU
		{C45D6382-FA5F-46B9-8333-51AE9DBBB2D0}.Release|Any CPU.ActiveCfg = Release|Any CPU
		{C45D6382-FA5F-46B9-8333-51AE9DBBB2D0}.Release|Any CPU.Build.0 = Release|Any CPU
		{C45D6382-FA5F-46B9-8333-51AE9DBBB2D0}.Test|Any CPU.ActiveCfg = Test|Any CPU
		{C45D6382-FA5F-46B9-8333-51AE9DBBB2D0}.Test|Any CPU.Build.0 = Test|Any CPU
		{67CBC824-A49E-4E9B-A947-360F3DFE65C3}.Debug|Any CPU.ActiveCfg = Debug|Any CPU
		{67CBC824-A49E-4E9B-A947-360F3DFE65C3}.Release|Any CPU.ActiveCfg = Release|Any CPU
		{67CBC824-A49E-4E9B-A947-360F3DFE65C3}.Test|Any CPU.ActiveCfg = Debug|Any CPU
	EndGlobalSection
	GlobalSection(SolutionProperties) = preSolution
		HideSolutionNode = FALSE
	EndGlobalSection
EndGlobal
